
Microsoft Visual Studio Solution File, Format Version 12.00
# Visual Studio Version 17
VisualStudioVersion = 17.4.33205.214
MinimumVisualStudioVersion = 10.0.40219.1
Project("{9A19103F-16F7-4668-BE54-9A1E7A4F7556}") = "ELEMENTs.Environment", "ELEMENTs.Environment\ELEMENTs.Environment.csproj", "{F99B7748-6C9C-4519-8305-29A162C6009A}"
EndProject
Project("{9A19103F-16F7-4668-BE54-9A1E7A4F7556}") = "ELEMENTS.Controls", "ELEMENTS.Controls\ELEMENTS.Controls.csproj", "{180D4FCC-03DD-44E5-8153-325B76CCF8C1}"
EndProject
Project("{2150E333-8FDC-42A3-9474-1A3956D46DE8}") = "01-Application", "01-Application", "{12FB78CD-1C4D-421D-8B7B-E4032966BC0E}"
EndProject
Project("{2150E333-8FDC-42A3-9474-1A3956D46DE8}") = "11-Controls", "11-Controls", "{B5FEF8E3-5121-4973-AB08-D251EC755C56}"
EndProject
Project("{2150E333-8FDC-42A3-9474-1A3956D46DE8}") = "22-ELEMENTS.GO", "22-ELEMENTS.GO", "{0CE9D98F-506D-43D0-8B62-7B002464F3F5}"
EndProject
Project("{9A19103F-16F7-4668-BE54-9A1E7A4F7556}") = "ELEMENTS.GO.SQLite", "ELEMENTS.GO.SQLite\ELEMENTS.GO.SQLite.csproj", "{25DA2729-17E1-4B5D-A337-F77971F364C0}"
EndProject
Project("{9A19103F-16F7-4668-BE54-9A1E7A4F7556}") = "ELEMENTS.GO.SQLite.Console.Test", "ELEMENTS.GO.SQLite.Console.Test\ELEMENTS.GO.SQLite.Console.Test.csproj", "{77D45300-7FA7-4269-8F2D-F22165826442}"
EndProject
Project("{2150E333-8FDC-42A3-9474-1A3956D46DE8}") = "99-Infrastructure", "99-Infrastructure", "{79E0A21A-4ADC-4A58-A7C8-C05FEC9FAD7C}"
EndProject
Project("{9A19103F-16F7-4668-BE54-9A1E7A4F7556}") = "ELEMENTS.Infrastructure", "ELEMENTS.Infrastructure\ELEMENTS.Infrastructure.csproj", "{5040107E-5F83-4CB9-804D-32FEA5F32921}"
EndProject
Project("{9A19103F-16F7-4668-BE54-9A1E7A4F7556}") = "Blazor.Server.Security", "Blazor.Server.Security\Blazor.Server.Security.csproj", "{197D1FFB-E041-4481-8C07-DA6F9C6B2AF9}"
EndProject
Global
	GlobalSection(SolutionConfigurationPlatforms) = preSolution
		Debug|Any CPU = Debug|Any CPU
		Release|Any CPU = Release|Any CPU
	EndGlobalSection
	GlobalSection(ProjectConfigurationPlatforms) = postSolution
		{F99B7748-6C9C-4519-8305-29A162C6009A}.Debug|Any CPU.ActiveCfg = Debug|Any CPU
		{F99B7748-6C9C-4519-8305-29A162C6009A}.Debug|Any CPU.Build.0 = Debug|Any CPU
		{F99B7748-6C9C-4519-8305-29A162C6009A}.Release|Any CPU.ActiveCfg = Release|Any CPU
		{F99B7748-6C9C-4519-8305-29A162C6009A}.Release|Any CPU.Build.0 = Release|Any CPU
		{180D4FCC-03DD-44E5-8153-325B76CCF8C1}.Debug|Any CPU.ActiveCfg = Debug|Any CPU
		{180D4FCC-03DD-44E5-8153-325B76CCF8C1}.Debug|Any CPU.Build.0 = Debug|Any CPU
		{180D4FCC-03DD-44E5-8153-325B76CCF8C1}.Release|Any CPU.ActiveCfg = Release|Any CPU
		{180D4FCC-03DD-44E5-8153-325B76CCF8C1}.Release|Any CPU.Build.0 = Release|Any CPU
		{25DA2729-17E1-4B5D-A337-F77971F364C0}.Debug|Any CPU.ActiveCfg = Debug|Any CPU
		{25DA2729-17E1-4B5D-A337-F77971F364C0}.Debug|Any CPU.Build.0 = Debug|Any CPU
		{25DA2729-17E1-4B5D-A337-F77971F364C0}.Release|Any CPU.ActiveCfg = Release|Any CPU
		{25DA2729-17E1-4B5D-A337-F77971F364C0}.Release|Any CPU.Build.0 = Release|Any CPU
		{77D45300-7FA7-4269-8F2D-F22165826442}.Debug|Any CPU.ActiveCfg = Debug|Any CPU
		{77D45300-7FA7-4269-8F2D-F22165826442}.Debug|Any CPU.Build.0 = Debug|Any CPU
		{77D45300-7FA7-4269-8F2D-F22165826442}.Release|Any CPU.ActiveCfg = Release|Any CPU
		{77D45300-7FA7-4269-8F2D-F22165826442}.Release|Any CPU.Build.0 = Release|Any CPU
		{5040107E-5F83-4CB9-804D-32FEA5F32921}.Debug|Any CPU.ActiveCfg = Debug|Any CPU
		{5040107E-5F83-4CB9-804D-32FEA5F32921}.Debug|Any CPU.Build.0 = Debug|Any CPU
		{5040107E-5F83-4CB9-804D-32FEA5F32921}.Release|Any CPU.ActiveCfg = Release|Any CPU
		{5040107E-5F83-4CB9-804D-32FEA5F32921}.Release|Any CPU.Build.0 = Release|Any CPU
		{197D1FFB-E041-4481-8C07-DA6F9C6B2AF9}.Debug|Any CPU.ActiveCfg = Debug|Any CPU
		{197D1FFB-E041-4481-8C07-DA6F9C6B2AF9}.Debug|Any CPU.Build.0 = Debug|Any CPU
		{197D1FFB-E041-4481-8C07-DA6F9C6B2AF9}.Release|Any CPU.ActiveCfg = Release|Any CPU
		{197D1FFB-E041-4481-8C07-DA6F9C6B2AF9}.Release|Any CPU.Build.0 = Release|Any CPU
	EndGlobalSection
	GlobalSection(SolutionProperties) = preSolution
		HideSolutionNode = FALSE
	EndGlobalSection
	GlobalSection(NestedProjects) = preSolution
		{F99B7748-6C9C-4519-8305-29A162C6009A} = {12FB78CD-1C4D-421D-8B7B-E4032966BC0E}
		{180D4FCC-03DD-44E5-8153-325B76CCF8C1} = {B5FEF8E3-5121-4973-AB08-D251EC755C56}
		{25DA2729-17E1-4B5D-A337-F77971F364C0} = {0CE9D98F-506D-43D0-8B62-7B002464F3F5}
		{77D45300-7FA7-4269-8F2D-F22165826442} = {0CE9D98F-506D-43D0-8B62-7B002464F3F5}
		{5040107E-5F83-4CB9-804D-32FEA5F32921} = {79E0A21A-4ADC-4A58-A7C8-C05FEC9FAD7C}
		{197D1FFB-E041-4481-8C07-DA6F9C6B2AF9} = {12FB78CD-1C4D-421D-8B7B-E4032966BC0E}
	EndGlobalSection
	GlobalSection(ExtensibilityGlobals) = postSolution
		SolutionGuid = {FBBC0DAB-1C6A-4BD1-BCEA-6F8473F0FCD4}
	EndGlobalSection
EndGlobal
