
Microsoft Visual Studio Solution File, Format Version 12.00
# Visual Studio Version 16
VisualStudioVersion = 16.0.32126.315
MinimumVisualStudioVersion = 10.0.40219.1
Project("{FAE04EC0-301F-11D3-BF4B-00C04F79EFBC}") = "ELEMENTs.Environment", "ELEMENTs.Environment\ELEMENTs.Environment.csproj", "{F99B7748-6C9C-4519-8305-29A162C6009A}"
EndProject
Global
	GlobalSection(SolutionConfigurationPlatforms) = preSolution
		Debug|Any CPU = Debug|Any CPU
		Release|Any CPU = Release|Any CPU
	EndGlobalSection
	GlobalSection(ProjectConfigurationPlatforms) = postSolution
		{F99B7748-6C9C-4519-8305-29A162C6009A}.Debug|Any CPU.ActiveCfg = Debug|Any CPU
		{F99B7748-6C9C-4519-8305-29A162C6009A}.Debug|Any CPU.Build.0 = Debug|Any CPU
		{F99B7748-6C9C-4519-8305-29A162C6009A}.Release|Any CPU.ActiveCfg = Release|Any CPU
		{F99B7748-6C9C-4519-8305-29A162C6009A}.Release|Any CPU.Build.0 = Release|Any CPU
	EndGlobalSection
	GlobalSection(SolutionProperties) = preSolution
		HideSolutionNode = FALSE
	EndGlobalSection
	GlobalSection(ExtensibilityGlobals) = postSolution
		SolutionGuid = {FBBC0DAB-1C6A-4BD1-BCEA-6F8473F0FCD4}
	EndGlobalSection
EndGlobal
